
Microsoft Visual Studio Solution File, Format Version 12.00
# Visual Studio 15
VisualStudioVersion = 15.0.28307.136
MinimumVisualStudioVersion = 10.0.40219.1
Project("{FAE04EC0-301F-11D3-BF4B-00C04F79EFBC}") = "KBS2.WijkagentApp.Android", "KBS2.WijkagentApp\KBS2.WijkagentApp.Android\KBS2.WijkagentApp.Android.csproj", "{8C30DAFC-D55D-4C4C-835C-8C6B1743A325}"
EndProject
Project("{FAE04EC0-301F-11D3-BF4B-00C04F79EFBC}") = "KBS2.WijkagentApp", "KBS2.WijkagentApp\KBS2.WijkagentApp\KBS2.WijkagentApp.csproj", "{95C32A54-C6FA-4661-BE8B-F71F6AAA275E}"
EndProject
Global
	GlobalSection(SolutionConfigurationPlatforms) = preSolution
		Debug|Any CPU = Debug|Any CPU
		Debug|iPhone = Debug|iPhone
		Debug|iPhoneSimulator = Debug|iPhoneSimulator
		Release|Any CPU = Release|Any CPU
		Release|iPhone = Release|iPhone
		Release|iPhoneSimulator = Release|iPhoneSimulator
	EndGlobalSection
	GlobalSection(ProjectConfigurationPlatforms) = postSolution
		{675DAA73-14F7-4904-8644-284D0DAA8B77}.Debug|Any CPU.ActiveCfg = Debug|iPhoneSimulator
		{675DAA73-14F7-4904-8644-284D0DAA8B77}.Debug|Any CPU.Build.0 = Debug|iPhoneSimulator
		{675DAA73-14F7-4904-8644-284D0DAA8B77}.Debug|Any CPU.Deploy.0 = Debug|iPhoneSimulator
		{675DAA73-14F7-4904-8644-284D0DAA8B77}.Debug|iPhone.ActiveCfg = Debug|iPhone
		{675DAA73-14F7-4904-8644-284D0DAA8B77}.Debug|iPhone.Build.0 = Debug|iPhone
		{675DAA73-14F7-4904-8644-284D0DAA8B77}.Debug|iPhone.Deploy.0 = Debug|iPhone
		{675DAA73-14F7-4904-8644-284D0DAA8B77}.Debug|iPhoneSimulator.ActiveCfg = Debug|iPhoneSimulator
		{675DAA73-14F7-4904-8644-284D0DAA8B77}.Debug|iPhoneSimulator.Build.0 = Debug|iPhoneSimulator
		{675DAA73-14F7-4904-8644-284D0DAA8B77}.Debug|iPhoneSimulator.Deploy.0 = Debug|iPhoneSimulator
		{675DAA73-14F7-4904-8644-284D0DAA8B77}.Release|Any CPU.ActiveCfg = Release|iPhone
		{675DAA73-14F7-4904-8644-284D0DAA8B77}.Release|Any CPU.Build.0 = Release|iPhone
		{675DAA73-14F7-4904-8644-284D0DAA8B77}.Release|Any CPU.Deploy.0 = Release|iPhone
		{675DAA73-14F7-4904-8644-284D0DAA8B77}.Release|iPhone.ActiveCfg = Release|iPhone
		{675DAA73-14F7-4904-8644-284D0DAA8B77}.Release|iPhone.Build.0 = Release|iPhone
		{675DAA73-14F7-4904-8644-284D0DAA8B77}.Release|iPhone.Deploy.0 = Release|iPhone
		{675DAA73-14F7-4904-8644-284D0DAA8B77}.Release|iPhoneSimulator.ActiveCfg = Release|iPhoneSimulator
		{675DAA73-14F7-4904-8644-284D0DAA8B77}.Release|iPhoneSimulator.Build.0 = Release|iPhoneSimulator
		{675DAA73-14F7-4904-8644-284D0DAA8B77}.Release|iPhoneSimulator.Deploy.0 = Release|iPhoneSimulator
		{8C30DAFC-D55D-4C4C-835C-8C6B1743A325}.Debug|Any CPU.ActiveCfg = Debug|Any CPU
		{8C30DAFC-D55D-4C4C-835C-8C6B1743A325}.Debug|Any CPU.Build.0 = Debug|Any CPU
		{8C30DAFC-D55D-4C4C-835C-8C6B1743A325}.Debug|Any CPU.Deploy.0 = Debug|Any CPU
		{8C30DAFC-D55D-4C4C-835C-8C6B1743A325}.Debug|iPhone.ActiveCfg = Debug|Any CPU
		{8C30DAFC-D55D-4C4C-835C-8C6B1743A325}.Debug|iPhone.Build.0 = Debug|Any CPU
		{8C30DAFC-D55D-4C4C-835C-8C6B1743A325}.Debug|iPhone.Deploy.0 = Debug|Any CPU
		{8C30DAFC-D55D-4C4C-835C-8C6B1743A325}.Debug|iPhoneSimulator.ActiveCfg = Debug|Any CPU
		{8C30DAFC-D55D-4C4C-835C-8C6B1743A325}.Debug|iPhoneSimulator.Build.0 = Debug|Any CPU
		{8C30DAFC-D55D-4C4C-835C-8C6B1743A325}.Debug|iPhoneSimulator.Deploy.0 = Debug|Any CPU
		{8C30DAFC-D55D-4C4C-835C-8C6B1743A325}.Release|Any CPU.ActiveCfg = Release|Any CPU
		{8C30DAFC-D55D-4C4C-835C-8C6B1743A325}.Release|Any CPU.Build.0 = Release|Any CPU
		{8C30DAFC-D55D-4C4C-835C-8C6B1743A325}.Release|Any CPU.Deploy.0 = Release|Any CPU
		{8C30DAFC-D55D-4C4C-835C-8C6B1743A325}.Release|iPhone.ActiveCfg = Release|Any CPU
		{8C30DAFC-D55D-4C4C-835C-8C6B1743A325}.Release|iPhone.Build.0 = Release|Any CPU
		{8C30DAFC-D55D-4C4C-835C-8C6B1743A325}.Release|iPhone.Deploy.0 = Release|Any CPU
		{8C30DAFC-D55D-4C4C-835C-8C6B1743A325}.Release|iPhoneSimulator.ActiveCfg = Release|Any CPU
		{8C30DAFC-D55D-4C4C-835C-8C6B1743A325}.Release|iPhoneSimulator.Build.0 = Release|Any CPU
		{8C30DAFC-D55D-4C4C-835C-8C6B1743A325}.Release|iPhoneSimulator.Deploy.0 = Release|Any CPU
		{95C32A54-C6FA-4661-BE8B-F71F6AAA275E}.Debug|Any CPU.ActiveCfg = Debug|Any CPU
		{95C32A54-C6FA-4661-BE8B-F71F6AAA275E}.Debug|Any CPU.Build.0 = Debug|Any CPU
		{95C32A54-C6FA-4661-BE8B-F71F6AAA275E}.Debug|iPhone.ActiveCfg = Debug|Any CPU
		{95C32A54-C6FA-4661-BE8B-F71F6AAA275E}.Debug|iPhone.Build.0 = Debug|Any CPU
		{95C32A54-C6FA-4661-BE8B-F71F6AAA275E}.Debug|iPhoneSimulator.ActiveCfg = Debug|Any CPU
		{95C32A54-C6FA-4661-BE8B-F71F6AAA275E}.Debug|iPhoneSimulator.Build.0 = Debug|Any CPU
		{95C32A54-C6FA-4661-BE8B-F71F6AAA275E}.Release|Any CPU.ActiveCfg = Release|Any CPU
		{95C32A54-C6FA-4661-BE8B-F71F6AAA275E}.Release|Any CPU.Build.0 = Release|Any CPU
		{95C32A54-C6FA-4661-BE8B-F71F6AAA275E}.Release|iPhone.ActiveCfg = Release|Any CPU
		{95C32A54-C6FA-4661-BE8B-F71F6AAA275E}.Release|iPhone.Build.0 = Release|Any CPU
		{95C32A54-C6FA-4661-BE8B-F71F6AAA275E}.Release|iPhoneSimulator.ActiveCfg = Release|Any CPU
		{95C32A54-C6FA-4661-BE8B-F71F6AAA275E}.Release|iPhoneSimulator.Build.0 = Release|Any CPU
	EndGlobalSection
	GlobalSection(SolutionProperties) = preSolution
		HideSolutionNode = FALSE
	EndGlobalSection
	GlobalSection(ExtensibilityGlobals) = postSolution
		SolutionGuid = {D1C8A495-7BF2-4FD2-BA89-C6DDBBD3461B}
	EndGlobalSection
EndGlobal
